// !$*UTF8*$!
{
	archiveVersion = 1;
	classes = {
	};
	objectVersion = 48;
	objects = {

/* Begin PBXBuildFile section */
		62B2AEBB24F15691DBCC3446 /* Pods_AlamofireInObjC.framework in Frameworks */ = {isa = PBXBuildFile; fileRef = E19572D33E8AB6DF5CE831A4 /* Pods_AlamofireInObjC.framework */; };
		7B2A7925200895F400853AF0 /* AppDelegate.m in Sources */ = {isa = PBXBuildFile; fileRef = 7B2A7924200895F400853AF0 /* AppDelegate.m */; };
		7B2A7928200895F400853AF0 /* ViewController.m in Sources */ = {isa = PBXBuildFile; fileRef = 7B2A7927200895F400853AF0 /* ViewController.m */; };
		7B2A792B200895F400853AF0 /* Main.storyboard in Resources */ = {isa = PBXBuildFile; fileRef = 7B2A7929200895F400853AF0 /* Main.storyboard */; };
		7B2A792D200895F400853AF0 /* Assets.xcassets in Resources */ = {isa = PBXBuildFile; fileRef = 7B2A792C200895F400853AF0 /* Assets.xcassets */; };
		7B2A7930200895F400853AF0 /* LaunchScreen.storyboard in Resources */ = {isa = PBXBuildFile; fileRef = 7B2A792E200895F400853AF0 /* LaunchScreen.storyboard */; };
		7B2A7933200895F400853AF0 /* main.m in Sources */ = {isa = PBXBuildFile; fileRef = 7B2A7932200895F400853AF0 /* main.m */; };
		7B404F5B2008A0D000CCBEC1 /* AlamofireWrapper.swift in Sources */ = {isa = PBXBuildFile; fileRef = 7B404F5A2008A0D000CCBEC1 /* AlamofireWrapper.swift */; };
/* End PBXBuildFile section */

/* Begin PBXFileReference section */
		2C7DE8EC5FE83FA0B9BEFA7C /* Pods-AlamofireInObjC.debug.xcconfig */ = {isa = PBXFileReference; includeInIndex = 1; lastKnownFileType = text.xcconfig; name = "Pods-AlamofireInObjC.debug.xcconfig"; path = "Pods/Target Support Files/Pods-AlamofireInObjC/Pods-AlamofireInObjC.debug.xcconfig"; sourceTree = "<group>"; };
		7B2A7920200895F400853AF0 /* AlamofireInObjC.app */ = {isa = PBXFileReference; explicitFileType = wrapper.application; includeInIndex = 0; path = AlamofireInObjC.app; sourceTree = BUILT_PRODUCTS_DIR; };
		7B2A7923200895F400853AF0 /* AppDelegate.h */ = {isa = PBXFileReference; lastKnownFileType = sourcecode.c.h; path = AppDelegate.h; sourceTree = "<group>"; };
		7B2A7924200895F400853AF0 /* AppDelegate.m */ = {isa = PBXFileReference; lastKnownFileType = sourcecode.c.objc; path = AppDelegate.m; sourceTree = "<group>"; };
		7B2A7926200895F400853AF0 /* ViewController.h */ = {isa = PBXFileReference; lastKnownFileType = sourcecode.c.h; path = ViewController.h; sourceTree = "<group>"; };
		7B2A7927200895F400853AF0 /* ViewController.m */ = {isa = PBXFileReference; lastKnownFileType = sourcecode.c.objc; path = ViewController.m; sourceTree = "<group>"; };
		7B2A792A200895F400853AF0 /* Base */ = {isa = PBXFileReference; lastKnownFileType = file.storyboard; name = Base; path = Base.lproj/Main.storyboard; sourceTree = "<group>"; };
		7B2A792C200895F400853AF0 /* Assets.xcassets */ = {isa = PBXFileReference; lastKnownFileType = folder.assetcatalog; path = Assets.xcassets; sourceTree = "<group>"; };
		7B2A792F200895F400853AF0 /* Base */ = {isa = PBXFileReference; lastKnownFileType = file.storyboard; name = Base; path = Base.lproj/LaunchScreen.storyboard; sourceTree = "<group>"; };
		7B2A7931200895F400853AF0 /* Info.plist */ = {isa = PBXFileReference; lastKnownFileType = text.plist.xml; path = Info.plist; sourceTree = "<group>"; };
		7B2A7932200895F400853AF0 /* main.m */ = {isa = PBXFileReference; lastKnownFileType = sourcecode.c.objc; path = main.m; sourceTree = "<group>"; };
		7B404F592008A0CF00CCBEC1 /* AlamofireInObjC-Bridging-Header.h */ = {isa = PBXFileReference; lastKnownFileType = sourcecode.c.h; path = "AlamofireInObjC-Bridging-Header.h"; sourceTree = "<group>"; };
		7B404F5A2008A0D000CCBEC1 /* AlamofireWrapper.swift */ = {isa = PBXFileReference; lastKnownFileType = sourcecode.swift; path = AlamofireWrapper.swift; sourceTree = "<group>"; };
		930C4A0A80EDC6F4C4ED852B /* Pods-AlamofireInObjC.release.xcconfig */ = {isa = PBXFileReference; includeInIndex = 1; lastKnownFileType = text.xcconfig; name = "Pods-AlamofireInObjC.release.xcconfig"; path = "Pods/Target Support Files/Pods-AlamofireInObjC/Pods-AlamofireInObjC.release.xcconfig"; sourceTree = "<group>"; };
		E19572D33E8AB6DF5CE831A4 /* Pods_AlamofireInObjC.framework */ = {isa = PBXFileReference; explicitFileType = wrapper.framework; includeInIndex = 0; path = Pods_AlamofireInObjC.framework; sourceTree = BUILT_PRODUCTS_DIR; };
/* End PBXFileReference section */

/* Begin PBXFrameworksBuildPhase section */
		7B2A791D200895F400853AF0 /* Frameworks */ = {
			isa = PBXFrameworksBuildPhase;
			buildActionMask = 2147483647;
			files = (
				62B2AEBB24F15691DBCC3446 /* Pods_AlamofireInObjC.framework in Frameworks */,
			);
			runOnlyForDeploymentPostprocessing = 0;
		};
/* End PBXFrameworksBuildPhase section */

/* Begin PBXGroup section */
		3822F6B6122EF44A330E244C /* Frameworks */ = {
			isa = PBXGroup;
			children = (
				E19572D33E8AB6DF5CE831A4 /* Pods_AlamofireInObjC.framework */,
			);
			name = Frameworks;
			sourceTree = "<group>";
		};
		7B2A7917200895F400853AF0 = {
			isa = PBXGroup;
			children = (
				7B2A7922200895F400853AF0 /* AlamofireInObjC */,
				7B2A7921200895F400853AF0 /* Products */,
				958B60D64F0D3BDCFBA5A7CF /* Pods */,
				3822F6B6122EF44A330E244C /* Frameworks */,
			);
			sourceTree = "<group>";
		};
		7B2A7921200895F400853AF0 /* Products */ = {
			isa = PBXGroup;
			children = (
				7B2A7920200895F400853AF0 /* AlamofireInObjC.app */,
			);
			name = Products;
			sourceTree = "<group>";
		};
		7B2A7922200895F400853AF0 /* AlamofireInObjC */ = {
			isa = PBXGroup;
			children = (
				7B2A7923200895F400853AF0 /* AppDelegate.h */,
				7B2A7924200895F400853AF0 /* AppDelegate.m */,
				7B2A7926200895F400853AF0 /* ViewController.h */,
				7B2A7927200895F400853AF0 /* ViewController.m */,
				7B2A7929200895F400853AF0 /* Main.storyboard */,
				7B2A792C200895F400853AF0 /* Assets.xcassets */,
				7B2A792E200895F400853AF0 /* LaunchScreen.storyboard */,
				7B2A7931200895F400853AF0 /* Info.plist */,
				7B2A7932200895F400853AF0 /* main.m */,
				7B404F5A2008A0D000CCBEC1 /* AlamofireWrapper.swift */,
				7B404F592008A0CF00CCBEC1 /* AlamofireInObjC-Bridging-Header.h */,
			);
			path = AlamofireInObjC;
			sourceTree = "<group>";
		};
		958B60D64F0D3BDCFBA5A7CF /* Pods */ = {
			isa = PBXGroup;
			children = (
				2C7DE8EC5FE83FA0B9BEFA7C /* Pods-AlamofireInObjC.debug.xcconfig */,
				930C4A0A80EDC6F4C4ED852B /* Pods-AlamofireInObjC.release.xcconfig */,
			);
			name = Pods;
			sourceTree = "<group>";
		};
/* End PBXGroup section */

/* Begin PBXNativeTarget section */
		7B2A791F200895F400853AF0 /* AlamofireInObjC */ = {
			isa = PBXNativeTarget;
			buildConfigurationList = 7B2A7936200895F400853AF0 /* Build configuration list for PBXNativeTarget "AlamofireInObjC" */;
			buildPhases = (
				551D55ECFE8DE17F164B873F /* [CP] Check Pods Manifest.lock */,
				7B2A791C200895F400853AF0 /* Sources */,
				7B2A791D200895F400853AF0 /* Frameworks */,
				7B2A791E200895F400853AF0 /* Resources */,
				5BB1777323D3CDD2001348A9 /* [CP] Embed Pods Frameworks */,
				2593956A89DD805D6C5AC792 /* [CP] Copy Pods Resources */,
			);
			buildRules = (
			);
			dependencies = (
			);
			name = AlamofireInObjC;
			productName = AlamofireInObjC;
			productReference = 7B2A7920200895F400853AF0 /* AlamofireInObjC.app */;
			productType = "com.apple.product-type.application";
		};
/* End PBXNativeTarget section */

/* Begin PBXProject section */
		7B2A7918200895F400853AF0 /* Project object */ = {
			isa = PBXProject;
			attributes = {
				LastUpgradeCheck = 0900;
				ORGANIZATIONNAME = "Aaqib Hussain";
				TargetAttributes = {
					7B2A791F200895F400853AF0 = {
						CreatedOnToolsVersion = 9.0;
						LastSwiftMigration = "";
						ProvisioningStyle = Automatic;
					};
				};
			};
			buildConfigurationList = 7B2A791B200895F400853AF0 /* Build configuration list for PBXProject "AlamofireInObjC" */;
			compatibilityVersion = "Xcode 8.0";
			developmentRegion = en;
			hasScannedForEncodings = 0;
			knownRegions = (
				en,
				Base,
			);
			mainGroup = 7B2A7917200895F400853AF0;
			productRefGroup = 7B2A7921200895F400853AF0 /* Products */;
			projectDirPath = "";
			projectRoot = "";
			targets = (
				7B2A791F200895F400853AF0 /* AlamofireInObjC */,
			);
		};
/* End PBXProject section */

/* Begin PBXResourcesBuildPhase section */
		7B2A791E200895F400853AF0 /* Resources */ = {
			isa = PBXResourcesBuildPhase;
			buildActionMask = 2147483647;
			files = (
				7B2A7930200895F400853AF0 /* LaunchScreen.storyboard in Resources */,
				7B2A792D200895F400853AF0 /* Assets.xcassets in Resources */,
				7B2A792B200895F400853AF0 /* Main.storyboard in Resources */,
			);
			runOnlyForDeploymentPostprocessing = 0;
		};
/* End PBXResourcesBuildPhase section */

/* Begin PBXShellScriptBuildPhase section */
		2593956A89DD805D6C5AC792 /* [CP] Copy Pods Resources */ = {
			isa = PBXShellScriptBuildPhase;
			buildActionMask = 2147483647;
			files = (
			);
			inputPaths = (
			);
			name = "[CP] Copy Pods Resources";
			outputPaths = (
			);
			runOnlyForDeploymentPostprocessing = 0;
			shellPath = /bin/sh;
			shellScript = "\"${SRCROOT}/Pods/Target Support Files/Pods-AlamofireInObjC/Pods-AlamofireInObjC-resources.sh\"\n";
			showEnvVarsInLog = 0;
		};
		551D55ECFE8DE17F164B873F /* [CP] Check Pods Manifest.lock */ = {
			isa = PBXShellScriptBuildPhase;
			buildActionMask = 2147483647;
			files = (
			);
			inputPaths = (
				"${PODS_PODFILE_DIR_PATH}/Podfile.lock",
				"${PODS_ROOT}/Manifest.lock",
			);
			name = "[CP] Check Pods Manifest.lock";
			outputPaths = (
				"$(DERIVED_FILE_DIR)/Pods-AlamofireInObjC-checkManifestLockResult.txt",
			);
			runOnlyForDeploymentPostprocessing = 0;
			shellPath = /bin/sh;
			shellScript = "diff \"${PODS_PODFILE_DIR_PATH}/Podfile.lock\" \"${PODS_ROOT}/Manifest.lock\" > /dev/null\nif [ $? != 0 ] ; then\n    # print error to STDERR\n    echo \"error: The sandbox is not in sync with the Podfile.lock. Run 'pod install' or update your CocoaPods installation.\" >&2\n    exit 1\nfi\n# This output is used by Xcode 'outputs' to avoid re-running this script phase.\necho \"SUCCESS\" > \"${SCRIPT_OUTPUT_FILE_0}\"\n";
			showEnvVarsInLog = 0;
		};
		5BB1777323D3CDD2001348A9 /* [CP] Embed Pods Frameworks */ = {
			isa = PBXShellScriptBuildPhase;
			buildActionMask = 2147483647;
			files = (
			);
			inputPaths = (
				"${SRCROOT}/Pods/Target Support Files/Pods-AlamofireInObjC/Pods-AlamofireInObjC-frameworks.sh",
				"${BUILT_PRODUCTS_DIR}/Alamofire/Alamofire.framework",
			);
			name = "[CP] Embed Pods Frameworks";
			outputPaths = (
				"${TARGET_BUILD_DIR}/${FRAMEWORKS_FOLDER_PATH}/Alamofire.framework",
			);
			runOnlyForDeploymentPostprocessing = 0;
			shellPath = /bin/sh;
			shellScript = "\"${SRCROOT}/Pods/Target Support Files/Pods-AlamofireInObjC/Pods-AlamofireInObjC-frameworks.sh\"\n";
			showEnvVarsInLog = 0;
		};
/* End PBXShellScriptBuildPhase section */

/* Begin PBXSourcesBuildPhase section */
		7B2A791C200895F400853AF0 /* Sources */ = {
			isa = PBXSourcesBuildPhase;
			buildActionMask = 2147483647;
			files = (
				7B2A7928200895F400853AF0 /* ViewController.m in Sources */,
				7B2A7933200895F400853AF0 /* main.m in Sources */,
				7B404F5B2008A0D000CCBEC1 /* AlamofireWrapper.swift in Sources */,
				7B2A7925200895F400853AF0 /* AppDelegate.m in Sources */,
			);
			runOnlyForDeploymentPostprocessing = 0;
		};
/* End PBXSourcesBuildPhase section */

/* Begin PBXVariantGroup section */
		7B2A7929200895F400853AF0 /* Main.storyboard */ = {
			isa = PBXVariantGroup;
			children = (
				7B2A792A200895F400853AF0 /* Base */,
			);
			name = Main.storyboard;
			sourceTree = "<group>";
		};
		7B2A792E200895F400853AF0 /* LaunchScreen.storyboard */ = {
			isa = PBXVariantGroup;
			children = (
				7B2A792F200895F400853AF0 /* Base */,
			);
			name = LaunchScreen.storyboard;
			sourceTree = "<group>";
		};
/* End PBXVariantGroup section */

/* Begin XCBuildConfiguration section */
		7B2A7934200895F400853AF0 /* Debug */ = {
			isa = XCBuildConfiguration;
			buildSettings = {
				ALWAYS_SEARCH_USER_PATHS = NO;
				CLANG_ANALYZER_NONNULL = YES;
				CLANG_ANALYZER_NUMBER_OBJECT_CONVERSION = YES_AGGRESSIVE;
				CLANG_CXX_LANGUAGE_STANDARD = "gnu++14";
				CLANG_CXX_LIBRARY = "libc++";
				CLANG_ENABLE_MODULES = YES;
				CLANG_ENABLE_OBJC_ARC = YES;
				CLANG_WARN_BLOCK_CAPTURE_AUTORELEASING = YES;
				CLANG_WARN_BOOL_CONVERSION = YES;
				CLANG_WARN_COMMA = YES;
				CLANG_WARN_CONSTANT_CONVERSION = YES;
				CLANG_WARN_DIRECT_OBJC_ISA_USAGE = YES_ERROR;
				CLANG_WARN_DOCUMENTATION_COMMENTS = YES;
				CLANG_WARN_EMPTY_BODY = YES;
				CLANG_WARN_ENUM_CONVERSION = YES;
				CLANG_WARN_INFINITE_RECURSION = YES;
				CLANG_WARN_INT_CONVERSION = YES;
				CLANG_WARN_NON_LITERAL_NULL_CONVERSION = YES;
				CLANG_WARN_OBJC_LITERAL_CONVERSION = YES;
				CLANG_WARN_OBJC_ROOT_CLASS = YES_ERROR;
				CLANG_WARN_RANGE_LOOP_ANALYSIS = YES;
				CLANG_WARN_STRICT_PROTOTYPES = YES;
				CLANG_WARN_SUSPICIOUS_MOVE = YES;
				CLANG_WARN_UNGUARDED_AVAILABILITY = YES_AGGRESSIVE;
				CLANG_WARN_UNREACHABLE_CODE = YES;
				CLANG_WARN__DUPLICATE_METHOD_MATCH = YES;
				CODE_SIGN_IDENTITY = "iPhone Developer";
				COPY_PHASE_STRIP = NO;
				DEBUG_INFORMATION_FORMAT = dwarf;
				ENABLE_STRICT_OBJC_MSGSEND = YES;
				ENABLE_TESTABILITY = YES;
				GCC_C_LANGUAGE_STANDARD = gnu11;
				GCC_DYNAMIC_NO_PIC = NO;
				GCC_NO_COMMON_BLOCKS = YES;
				GCC_OPTIMIZATION_LEVEL = 0;
				GCC_PREPROCESSOR_DEFINITIONS = (
					"DEBUG=1",
					"$(inherited)",
				);
				GCC_WARN_64_TO_32_BIT_CONVERSION = YES;
				GCC_WARN_ABOUT_RETURN_TYPE = YES_ERROR;
				GCC_WARN_UNDECLARED_SELECTOR = YES;
				GCC_WARN_UNINITIALIZED_AUTOS = YES_AGGRESSIVE;
				GCC_WARN_UNUSED_FUNCTION = YES;
				GCC_WARN_UNUSED_VARIABLE = YES;
				IPHONEOS_DEPLOYMENT_TARGET = 11.0;
				MTL_ENABLE_DEBUG_INFO = YES;
				ONLY_ACTIVE_ARCH = YES;
				SDKROOT = iphoneos;
			};
			name = Debug;
		};
		7B2A7935200895F400853AF0 /* Release */ = {
			isa = XCBuildConfiguration;
			buildSettings = {
				ALWAYS_SEARCH_USER_PATHS = NO;
				CLANG_ANALYZER_NONNULL = YES;
				CLANG_ANALYZER_NUMBER_OBJECT_CONVERSION = YES_AGGRESSIVE;
				CLANG_CXX_LANGUAGE_STANDARD = "gnu++14";
				CLANG_CXX_LIBRARY = "libc++";
				CLANG_ENABLE_MODULES = YES;
				CLANG_ENABLE_OBJC_ARC = YES;
				CLANG_WARN_BLOCK_CAPTURE_AUTORELEASING = YES;
				CLANG_WARN_BOOL_CONVERSION = YES;
				CLANG_WARN_COMMA = YES;
				CLANG_WARN_CONSTANT_CONVERSION = YES;
				CLANG_WARN_DIRECT_OBJC_ISA_USAGE = YES_ERROR;
				CLANG_WARN_DOCUMENTATION_COMMENTS = YES;
				CLANG_WARN_EMPTY_BODY = YES;
				CLANG_WARN_ENUM_CONVERSION = YES;
				CLANG_WARN_INFINITE_RECURSION = YES;
				CLANG_WARN_INT_CONVERSION = YES;
				CLANG_WARN_NON_LITERAL_NULL_CONVERSION = YES;
				CLANG_WARN_OBJC_LITERAL_CONVERSION = YES;
				CLANG_WARN_OBJC_ROOT_CLASS = YES_ERROR;
				CLANG_WARN_RANGE_LOOP_ANALYSIS = YES;
				CLANG_WARN_STRICT_PROTOTYPES = YES;
				CLANG_WARN_SUSPICIOUS_MOVE = YES;
				CLANG_WARN_UNGUARDED_AVAILABILITY = YES_AGGRESSIVE;
				CLANG_WARN_UNREACHABLE_CODE = YES;
				CLANG_WARN__DUPLICATE_METHOD_MATCH = YES;
				CODE_SIGN_IDENTITY = "iPhone Developer";
				COPY_PHASE_STRIP = NO;
				DEBUG_INFORMATION_FORMAT = "dwarf-with-dsym";
				ENABLE_NS_ASSERTIONS = NO;
				ENABLE_STRICT_OBJC_MSGSEND = YES;
				GCC_C_LANGUAGE_STANDARD = gnu11;
				GCC_NO_COMMON_BLOCKS = YES;
				GCC_WARN_64_TO_32_BIT_CONVERSION = YES;
				GCC_WARN_ABOUT_RETURN_TYPE = YES_ERROR;
				GCC_WARN_UNDECLARED_SELECTOR = YES;
				GCC_WARN_UNINITIALIZED_AUTOS = YES_AGGRESSIVE;
				GCC_WARN_UNUSED_FUNCTION = YES;
				GCC_WARN_UNUSED_VARIABLE = YES;
				IPHONEOS_DEPLOYMENT_TARGET = 11.0;
				MTL_ENABLE_DEBUG_INFO = NO;
				SDKROOT = iphoneos;
				VALIDATE_PRODUCT = YES;
			};
			name = Release;
		};
		7B2A7937200895F400853AF0 /* Debug */ = {
			isa = XCBuildConfiguration;
			baseConfigurationReference = 2C7DE8EC5FE83FA0B9BEFA7C /* Pods-AlamofireInObjC.debug.xcconfig */;
			buildSettings = {
				ASSETCATALOG_COMPILER_APPICON_NAME = AppIcon;
				CLANG_ENABLE_MODULES = YES;
				CODE_SIGN_STYLE = Automatic;
				DEFINES_MODULE = YES;
				INFOPLIST_FILE = AlamofireInObjC/Info.plist;
				LD_RUNPATH_SEARCH_PATHS = "$(inherited) @executable_path/Frameworks";
				PRODUCT_BUNDLE_IDENTIFIER = com.KodeSnippets.AlamofireInObjC;
				PRODUCT_NAME = "$(TARGET_NAME)";
				SWIFT_OBJC_BRIDGING_HEADER = "AlamofireInObjC/AlamofireInObjC-Bridging-Header.h";
				SWIFT_OPTIMIZATION_LEVEL = "-Onone";
				SWIFT_VERSION = 3.0;
				TARGETED_DEVICE_FAMILY = "1,2";
			};
			name = Debug;
		};
		7B2A7938200895F400853AF0 /* Release */ = {
			isa = XCBuildConfiguration;
			baseConfigurationReference = 930C4A0A80EDC6F4C4ED852B /* Pods-AlamofireInObjC.release.xcconfig */;
			buildSettings = {
				ASSETCATALOG_COMPILER_APPICON_NAME = AppIcon;
				CLANG_ENABLE_MODULES = YES;
				CODE_SIGN_STYLE = Automatic;
				DEFINES_MODULE = YES;
				INFOPLIST_FILE = AlamofireInObjC/Info.plist;
				LD_RUNPATH_SEARCH_PATHS = "$(inherited) @executable_path/Frameworks";
				PRODUCT_BUNDLE_IDENTIFIER = com.KodeSnippets.AlamofireInObjC;
				PRODUCT_NAME = "$(TARGET_NAME)";
				SWIFT_OBJC_BRIDGING_HEADER = "AlamofireInObjC/AlamofireInObjC-Bridging-Header.h";
				SWIFT_VERSION = 3.0;
				TARGETED_DEVICE_FAMILY = "1,2";
			};
			name = Release;
		};
/* End XCBuildConfiguration section */

/* Begin XCConfigurationList section */
		7B2A791B200895F400853AF0 /* Build configuration list for PBXProject "AlamofireInObjC" */ = {
			isa = XCConfigurationList;
			buildConfigurations = (
				7B2A7934200895F400853AF0 /* Debug */,
				7B2A7935200895F400853AF0 /* Release */,
			);
			defaultConfigurationIsVisible = 0;
			defaultConfigurationName = Release;
		};
		7B2A7936200895F400853AF0 /* Build configuration list for PBXNativeTarget "AlamofireInObjC" */ = {
			isa = XCConfigurationList;
			buildConfigurations = (
				7B2A7937200895F400853AF0 /* Debug */,
				7B2A7938200895F400853AF0 /* Release */,
			);
			defaultConfigurationIsVisible = 0;
			defaultConfigurationName = Release;
		};
/* End XCConfigurationList section */
	};
	rootObject = 7B2A7918200895F400853AF0 /* Project object */;
}
